
Microsoft Visual Studio Solution File, Format Version 12.00
# Visual Studio Version 17
VisualStudioVersion = 17.5.33530.505
MinimumVisualStudioVersion = 10.0.40219.1
Project("{8BC9CEB8-8B4A-11D0-8D11-00A0C91BC942}") = "HEW_2D", "HEW_2D\HEW_2D.vcxproj", "{15E884F5-9996-4DE7-88F1-29ADD9EC32DC}"
EndProject
Global
	GlobalSection(SolutionConfigurationPlatforms) = preSolution
		Debug|x64 = Debug|x64
		Debug|x86 = Debug|x86
		Release|x64 = Release|x64
		Release|x86 = Release|x86
	EndGlobalSection
	GlobalSection(ProjectConfigurationPlatforms) = postSolution
		{15E884F5-9996-4DE7-88F1-29ADD9EC32DC}.Debug|x64.ActiveCfg = Debug|x64
		{15E884F5-9996-4DE7-88F1-29ADD9EC32DC}.Debug|x64.Build.0 = Debug|x64
		{15E884F5-9996-4DE7-88F1-29ADD9EC32DC}.Debug|x86.ActiveCfg = Debug|Win32
		{15E884F5-9996-4DE7-88F1-29ADD9EC32DC}.Debug|x86.Build.0 = Debug|Win32
		{15E884F5-9996-4DE7-88F1-29ADD9EC32DC}.Release|x64.ActiveCfg = Release|x64
		{15E884F5-9996-4DE7-88F1-29ADD9EC32DC}.Release|x64.Build.0 = Release|x64
		{15E884F5-9996-4DE7-88F1-29ADD9EC32DC}.Release|x86.ActiveCfg = Release|Win32
		{15E884F5-9996-4DE7-88F1-29ADD9EC32DC}.Release|x86.Build.0 = Release|Win32
	EndGlobalSection
	GlobalSection(SolutionProperties) = preSolution
		HideSolutionNode = FALSE
	EndGlobalSection
	GlobalSection(ExtensibilityGlobals) = postSolution
		SolutionGuid = {EAA66AF2-3475-46AB-A904-778C6A506268}
	EndGlobalSection
EndGlobal
